
Microsoft Visual Studio Solution File, Format Version 12.00
# Visual Studio Version 17
VisualStudioVersion = 17.4.33205.214
MinimumVisualStudioVersion = 10.0.40219.1
Project("{FAE04EC0-301F-11D3-BF4B-00C04F79EFBC}") = "StoresApplication", "StoresApplication\StoresApplication.csproj", "{DB65AD22-928A-4446-B743-D34E29250D5E}"
EndProject
Global
	GlobalSection(SolutionConfigurationPlatforms) = preSolution
		Debug|Any CPU = Debug|Any CPU
		Release|Any CPU = Release|Any CPU
	EndGlobalSection
	GlobalSection(ProjectConfigurationPlatforms) = postSolution
		{DB65AD22-928A-4446-B743-D34E29250D5E}.Debug|Any CPU.ActiveCfg = Debug|Any CPU
		{DB65AD22-928A-4446-B743-D34E29250D5E}.Debug|Any CPU.Build.0 = Debug|Any CPU
		{DB65AD22-928A-4446-B743-D34E29250D5E}.Release|Any CPU.ActiveCfg = Release|Any CPU
		{DB65AD22-928A-4446-B743-D34E29250D5E}.Release|Any CPU.Build.0 = Release|Any CPU
	EndGlobalSection
	GlobalSection(SolutionProperties) = preSolution
		HideSolutionNode = FALSE
	EndGlobalSection
	GlobalSection(ExtensibilityGlobals) = postSolution
		SolutionGuid = {AC38858E-55EC-4FCB-B5AE-AB1BDF320F46}
	EndGlobalSection
EndGlobal
